// !$*UTF8*$!
{
	archiveVersion = 1;
	classes = {
	};
	objectVersion = 46;
	objects = {

/* Begin PBXBuildFile section */
		8D0AFF771ECE6696000D37D2 /* AppDelegate.swift in Sources */ = {isa = PBXBuildFile; fileRef = 8D0AFF761ECE6696000D37D2 /* AppDelegate.swift */; };
		8D0AFF7C1ECE6696000D37D2 /* Main.storyboard in Resources */ = {isa = PBXBuildFile; fileRef = 8D0AFF7A1ECE6696000D37D2 /* Main.storyboard */; };
		8D0AFF7E1ECE6696000D37D2 /* Assets.xcassets in Resources */ = {isa = PBXBuildFile; fileRef = 8D0AFF7D1ECE6696000D37D2 /* Assets.xcassets */; };
		8D0AFF811ECE6696000D37D2 /* LaunchScreen.storyboard in Resources */ = {isa = PBXBuildFile; fileRef = 8D0AFF7F1ECE6696000D37D2 /* LaunchScreen.storyboard */; };
		8D0AFF891ECE694C000D37D2 /* SearchBarTableViewController.swift in Sources */ = {isa = PBXBuildFile; fileRef = 8D0AFF881ECE694C000D37D2 /* SearchBarTableViewController.swift */; };
/* End PBXBuildFile section */

/* Begin PBXFileReference section */
		8D0AFF731ECE6696000D37D2 /* SearchBarSample.app */ = {isa = PBXFileReference; explicitFileType = wrapper.application; includeInIndex = 0; path = SearchBarSample.app; sourceTree = BUILT_PRODUCTS_DIR; };
		8D0AFF761ECE6696000D37D2 /* AppDelegate.swift */ = {isa = PBXFileReference; lastKnownFileType = sourcecode.swift; path = AppDelegate.swift; sourceTree = "<group>"; };
		8D0AFF7B1ECE6696000D37D2 /* Base */ = {isa = PBXFileReference; lastKnownFileType = file.storyboard; name = Base; path = Base.lproj/Main.storyboard; sourceTree = "<group>"; };
		8D0AFF7D1ECE6696000D37D2 /* Assets.xcassets */ = {isa = PBXFileReference; lastKnownFileType = folder.assetcatalog; path = Assets.xcassets; sourceTree = "<group>"; };
		8D0AFF801ECE6696000D37D2 /* Base */ = {isa = PBXFileReference; lastKnownFileType = file.storyboard; name = Base; path = Base.lproj/LaunchScreen.storyboard; sourceTree = "<group>"; };
		8D0AFF821ECE6696000D37D2 /* Info.plist */ = {isa = PBXFileReference; lastKnownFileType = text.plist.xml; path = Info.plist; sourceTree = "<group>"; };
		8D0AFF881ECE694C000D37D2 /* SearchBarTableViewController.swift */ = {isa = PBXFileReference; fileEncoding = 4; lastKnownFileType = sourcecode.swift; path = SearchBarTableViewController.swift; sourceTree = "<group>"; };
/* End PBXFileReference section */

/* Begin PBXFrameworksBuildPhase section */
		8D0AFF701ECE6696000D37D2 /* Frameworks */ = {
			isa = PBXFrameworksBuildPhase;
			buildActionMask = 2147483647;
			files = (
			);
			runOnlyForDeploymentPostprocessing = 0;
		};
/* End PBXFrameworksBuildPhase section */

/* Begin PBXGroup section */
		8D0AFF6A1ECE6696000D37D2 = {
			isa = PBXGroup;
			children = (
				8D0AFF751ECE6696000D37D2 /* SearchBarSample */,
				8D0AFF741ECE6696000D37D2 /* Products */,
			);
			sourceTree = "<group>";
		};
		8D0AFF741ECE6696000D37D2 /* Products */ = {
			isa = PBXGroup;
			children = (
				8D0AFF731ECE6696000D37D2 /* SearchBarSample.app */,
			);
			name = Products;
			sourceTree = "<group>";
		};
		8D0AFF751ECE6696000D37D2 /* SearchBarSample */ = {
			isa = PBXGroup;
			children = (
				8D0AFF761ECE6696000D37D2 /* AppDelegate.swift */,
				8D0AFF881ECE694C000D37D2 /* SearchBarTableViewController.swift */,
				8D0AFF7A1ECE6696000D37D2 /* Main.storyboard */,
				8D0AFF7D1ECE6696000D37D2 /* Assets.xcassets */,
				8D0AFF7F1ECE6696000D37D2 /* LaunchScreen.storyboard */,
				8D0AFF821ECE6696000D37D2 /* Info.plist */,
			);
			path = SearchBarSample;
			sourceTree = "<group>";
		};
/* End PBXGroup section */

/* Begin PBXNativeTarget section */
		8D0AFF721ECE6696000D37D2 /* SearchBarSample */ = {
			isa = PBXNativeTarget;
			buildConfigurationList = 8D0AFF851ECE6696000D37D2 /* Build configuration list for PBXNativeTarget "SearchBarSample" */;
			buildPhases = (
				8D0AFF6F1ECE6696000D37D2 /* Sources */,
				8D0AFF701ECE6696000D37D2 /* Frameworks */,
				8D0AFF711ECE6696000D37D2 /* Resources */,
			);
			buildRules = (
			);
			dependencies = (
			);
			name = SearchBarSample;
			productName = SearchBarSample;
			productReference = 8D0AFF731ECE6696000D37D2 /* SearchBarSample.app */;
			productType = "com.apple.product-type.application";
		};
/* End PBXNativeTarget section */

/* Begin PBXProject section */
		8D0AFF6B1ECE6696000D37D2 /* Project object */ = {
			isa = PBXProject;
			attributes = {
				LastSwiftUpdateCheck = 0830;
				LastUpgradeCheck = 0830;
				ORGANIZATIONNAME = "Israel Manzo";
				TargetAttributes = {
					8D0AFF721ECE6696000D37D2 = {
						CreatedOnToolsVersion = 8.3.2;
						DevelopmentTeam = 6DC9LP75VX;
						ProvisioningStyle = Automatic;
					};
				};
			};
			buildConfigurationList = 8D0AFF6E1ECE6696000D37D2 /* Build configuration list for PBXProject "SearchBarSample" */;
			compatibilityVersion = "Xcode 3.2";
			developmentRegion = English;
			hasScannedForEncodings = 0;
			knownRegions = (
				en,
				Base,
			);
			mainGroup = 8D0AFF6A1ECE6696000D37D2;
			productRefGroup = 8D0AFF741ECE6696000D37D2 /* Products */;
			projectDirPath = "";
			projectRoot = "";
			targets = (
				8D0AFF721ECE6696000D37D2 /* SearchBarSample */,
			);
		};
/* End PBXProject section */

/* Begin PBXResourcesBuildPhase section */
		8D0AFF711ECE6696000D37D2 /* Resources */ = {
			isa = PBXResourcesBuildPhase;
			buildActionMask = 2147483647;
			files = (
				8D0AFF811ECE6696000D37D2 /* LaunchScreen.storyboard in Resources */,
				8D0AFF7E1ECE6696000D37D2 /* Assets.xcassets in Resources */,
				8D0AFF7C1ECE6696000D37D2 /* Main.storyboard in Resources */,
			);
			runOnlyForDeploymentPostprocessing = 0;
		};
/* End PBXResourcesBuildPhase section */

/* Begin PBXSourcesBuildPhase section */
		8D0AFF6F1ECE6696000D37D2 /* Sources */ = {
			isa = PBXSourcesBuildPhase;
			buildActionMask = 2147483647;
			files = (
				8D0AFF771ECE6696000D37D2 /* AppDelegate.swift in Sources */,
				8D0AFF891ECE694C000D37D2 /* SearchBarTableViewController.swift in Sources */,
			);
			runOnlyForDeploymentPostprocessing = 0;
		};
/* End PBXSourcesBuildPhase section */

/* Begin PBXVariantGroup section */
		8D0AFF7A1ECE6696000D37D2 /* Main.storyboard */ = {
			isa = PBXVariantGroup;
			children = (
				8D0AFF7B1ECE6696000D37D2 /* Base */,
			);
			name = Main.storyboard;
			sourceTree = "<group>";
		};
		8D0AFF7F1ECE6696000D37D2 /* LaunchScreen.storyboard */ = {
			isa = PBXVariantGroup;
			children = (
				8D0AFF801ECE6696000D37D2 /* Base */,
			);
			name = LaunchScreen.storyboard;
			sourceTree = "<group>";
		};
/* End PBXVariantGroup section */

/* Begin XCBuildConfiguration section */
		8D0AFF831ECE6696000D37D2 /* Debug */ = {
			isa = XCBuildConfiguration;
			buildSettings = {
				ALWAYS_SEARCH_USER_PATHS = NO;
				CLANG_ANALYZER_NONNULL = YES;
				CLANG_ANALYZER_NUMBER_OBJECT_CONVERSION = YES_AGGRESSIVE;
				CLANG_CXX_LANGUAGE_STANDARD = "gnu++0x";
				CLANG_CXX_LIBRARY = "libc++";
				CLANG_ENABLE_MODULES = YES;
				CLANG_ENABLE_OBJC_ARC = YES;
				CLANG_WARN_BOOL_CONVERSION = YES;
				CLANG_WARN_CONSTANT_CONVERSION = YES;
				CLANG_WARN_DIRECT_OBJC_ISA_USAGE = YES_ERROR;
				CLANG_WARN_DOCUMENTATION_COMMENTS = YES;
				CLANG_WARN_EMPTY_BODY = YES;
				CLANG_WARN_ENUM_CONVERSION = YES;
				CLANG_WARN_INFINITE_RECURSION = YES;
				CLANG_WARN_INT_CONVERSION = YES;
				CLANG_WARN_OBJC_ROOT_CLASS = YES_ERROR;
				CLANG_WARN_SUSPICIOUS_MOVE = YES;
				CLANG_WARN_UNREACHABLE_CODE = YES;
				CLANG_WARN__DUPLICATE_METHOD_MATCH = YES;
				"CODE_SIGN_IDENTITY[sdk=iphoneos*]" = "iPhone Developer";
				COPY_PHASE_STRIP = NO;
				DEBUG_INFORMATION_FORMAT = dwarf;
				ENABLE_STRICT_OBJC_MSGSEND = YES;
				ENABLE_TESTABILITY = YES;
				GCC_C_LANGUAGE_STANDARD = gnu99;
				GCC_DYNAMIC_NO_PIC = NO;
				GCC_NO_COMMON_BLOCKS = YES;
				GCC_OPTIMIZATION_LEVEL = 0;
				GCC_PREPROCESSOR_DEFINITIONS = (
					"DEBUG=1",
					"$(inherited)",
				);
				GCC_WARN_64_TO_32_BIT_CONVERSION = YES;
				GCC_WARN_ABOUT_RETURN_TYPE = YES_ERROR;
				GCC_WARN_UNDECLARED_SELECTOR = YES;
				GCC_WARN_UNINITIALIZED_AUTOS = YES_AGGRESSIVE;
				GCC_WARN_UNUSED_FUNCTION = YES;
				GCC_WARN_UNUSED_VARIABLE = YES;
				IPHONEOS_DEPLOYMENT_TARGET = 10.3;
				MTL_ENABLE_DEBUG_INFO = YES;
				ONLY_ACTIVE_ARCH = YES;
				SDKROOT = iphoneos;
				SWIFT_ACTIVE_COMPILATION_CONDITIONS = DEBUG;
				SWIFT_OPTIMIZATION_LEVEL = "-Onone";
			};
			name = Debug;
		};
		8D0AFF841ECE6696000D37D2 /* Release */ = {
			isa = XCBuildConfiguration;
			buildSettings = {
				ALWAYS_SEARCH_USER_PATHS = NO;
				CLANG_ANALYZER_NONNULL = YES;
				CLANG_ANALYZER_NUMBER_OBJECT_CONVERSION = YES_AGGRESSIVE;
				CLANG_CXX_LANGUAGE_STANDARD = "gnu++0x";
				CLANG_CXX_LIBRARY = "libc++";
				CLANG_ENABLE_MODULES = YES;
				CLANG_ENABLE_OBJC_ARC = YES;
				CLANG_WARN_BOOL_CONVERSION = YES;
				CLANG_WARN_CONSTANT_CONVERSION = YES;
				CLANG_WARN_DIRECT_OBJC_ISA_USAGE = YES_ERROR;
				CLANG_WARN_DOCUMENTATION_COMMENTS = YES;
				CLANG_WARN_EMPTY_BODY = YES;
				CLANG_WARN_ENUM_CONVERSION = YES;
				CLANG_WARN_INFINITE_RECURSION = YES;
				CLANG_WARN_INT_CONVERSION = YES;
				CLANG_WARN_OBJC_ROOT_CLASS = YES_ERROR;
				CLANG_WARN_SUSPICIOUS_MOVE = YES;
				CLANG_WARN_UNREACHABLE_CODE = YES;
				CLANG_WARN__DUPLICATE_METHOD_MATCH = YES;
				"CODE_SIGN_IDENTITY[sdk=iphoneos*]" = "iPhone Developer";
				COPY_PHASE_STRIP = NO;
				DEBUG_INFORMATION_FORMAT = "dwarf-with-dsym";
				ENABLE_NS_ASSERTIONS = NO;
				ENABLE_STRICT_OBJC_MSGSEND = YES;
				GCC_C_LANGUAGE_STANDARD = gnu99;
				GCC_NO_COMMON_BLOCKS = YES;
				GCC_WARN_64_TO_32_BIT_CONVERSION = YES;
				GCC_WARN_ABOUT_RETURN_TYPE = YES_ERROR;
				GCC_WARN_UNDECLARED_SELECTOR = YES;
				GCC_WARN_UNINITIALIZED_AUTOS = YES_AGGRESSIVE;
				GCC_WARN_UNUSED_FUNCTION = YES;
				GCC_WARN_UNUSED_VARIABLE = YES;
				IPHONEOS_DEPLOYMENT_TARGET = 10.3;
				MTL_ENABLE_DEBUG_INFO = NO;
				SDKROOT = iphoneos;
				SWIFT_OPTIMIZATION_LEVEL = "-Owholemodule";
				VALIDATE_PRODUCT = YES;
			};
			name = Release;
		};
		8D0AFF861ECE6696000D37D2 /* Debug */ = {
			isa = XCBuildConfiguration;
			buildSettings = {
				ASSETCATALOG_COMPILER_APPICON_NAME = AppIcon;
				DEVELOPMENT_TEAM = 6DC9LP75VX;
				INFOPLIST_FILE = SearchBarSample/Info.plist;
				LD_RUNPATH_SEARCH_PATHS = "$(inherited) @executable_path/Frameworks";
				PRODUCT_BUNDLE_IDENTIFIER = com.example.inclass.SearchBarSample;
				PRODUCT_NAME = "$(TARGET_NAME)";
				SWIFT_VERSION = 3.0;
			};
			name = Debug;
		};
		8D0AFF871ECE6696000D37D2 /* Release */ = {
			isa = XCBuildConfiguration;
			buildSettings = {
				ASSETCATALOG_COMPILER_APPICON_NAME = AppIcon;
				DEVELOPMENT_TEAM = 6DC9LP75VX;
				INFOPLIST_FILE = SearchBarSample/Info.plist;
				LD_RUNPATH_SEARCH_PATHS = "$(inherited) @executable_path/Frameworks";
				PRODUCT_BUNDLE_IDENTIFIER = com.example.inclass.SearchBarSample;
				PRODUCT_NAME = "$(TARGET_NAME)";
				SWIFT_VERSION = 3.0;
			};
			name = Release;
		};
/* End XCBuildConfiguration section */

/* Begin XCConfigurationList section */
		8D0AFF6E1ECE6696000D37D2 /* Build configuration list for PBXProject "SearchBarSample" */ = {
			isa = XCConfigurationList;
			buildConfigurations = (
				8D0AFF831ECE6696000D37D2 /* Debug */,
				8D0AFF841ECE6696000D37D2 /* Release */,
			);
			defaultConfigurationIsVisible = 0;
			defaultConfigurationName = Release;
		};
		8D0AFF851ECE6696000D37D2 /* Build configuration list for PBXNativeTarget "SearchBarSample" */ = {
			isa = XCConfigurationList;
			buildConfigurations = (
				8D0AFF861ECE6696000D37D2 /* Debug */,
				8D0AFF871ECE6696000D37D2 /* Release */,
			);
			defaultConfigurationIsVisible = 0;
		};
/* End XCConfigurationList section */
	};
	rootObject = 8D0AFF6B1ECE6696000D37D2 /* Project object */;
}
